<?xml version="1.0" encoding="utf-8"?>
<Project ToolsVersion="4.0" xmlns="http://schemas.microsoft.com/developer/msbuild/2003">
  <ItemGroup>
    <Filter Include="소스 파일">
      <UniqueIdentifier>{4FC737F1-C7A5-4376-A066-2A32D752A2FF}</UniqueIdentifier>
      <Extensions>cpp;c;cc;cxx;def;odl;idl;hpj;bat;asm;asmx</Extensions>
    </Filter>
    <Filter Include="헤더 파일">
      <UniqueIdentifier>{93995380-89BD-4b04-88EB-625FBE52EBFB}</UniqueIdentifier>
      <Extensions>h;hh;hpp;hxx;hm;inl;inc;ipp;xsd</Extensions>
    </Filter>
    <Filter Include="리소스 파일">
      <UniqueIdentifier>{67DA6AB6-F800-4c08-8B7A-83BB121AAD01}</UniqueIdentifier>
      <Extensions>rc;ico;cur;bmp;dlg;rc2;rct;bin;rgs;gif;jpg;jpeg;jpe;resx;tiff;tif;png;wav;mfcribbon-ms</Extensions>
    </Filter>
    <Filter Include="소스 파일\Direct2DNet">
      <UniqueIdentifier>{6bb00d07-939b-4206-b58a-ad8767974dc4}</UniqueIdentifier>
    </Filter>
    <Filter Include="헤더 파일\Direct2DNet">
      <UniqueIdentifier>{805a9ed5-60b4-493a-8ed0-5b2e18ef7554}</UniqueIdentifier>
    </Filter>
    <Filter Include="헤더 파일\Direct2DNet\Exception">
      <UniqueIdentifier>{e6c51a4e-9b7f-4725-ac7f-194014366e88}</UniqueIdentifier>
    </Filter>
    <Filter Include="소스 파일\Direct2DNet\Exception">
      <UniqueIdentifier>{7e513a06-a32f-4c7c-bfeb-fcaae05b437a}</UniqueIdentifier>
    </Filter>
    <Filter Include="헤더 파일\Direct2DNet\geometry">
      <UniqueIdentifier>{5f25d83a-f412-4692-97e1-8d1c43d4882e}</UniqueIdentifier>
    </Filter>
    <Filter Include="소스 파일\Direct2DNet\geometry">
      <UniqueIdentifier>{3377ee43-12b1-414f-b028-7cdbad9ab451}</UniqueIdentifier>
    </Filter>
    <Filter Include="헤더 파일\Direct2DNet\brush">
      <UniqueIdentifier>{afb84328-f627-4d78-9760-54f7f6fa855b}</UniqueIdentifier>
    </Filter>
    <Filter Include="소스 파일\Direct2DNet\brush">
      <UniqueIdentifier>{78eb6f89-3621-473f-accc-aa8b6015776e}</UniqueIdentifier>
    </Filter>
    <Filter Include="헤더 파일\Direct2DNet\core">
      <UniqueIdentifier>{5e6b960c-1d36-4467-bf8b-e52d6e35cac4}</UniqueIdentifier>
    </Filter>
    <Filter Include="소스 파일\Direct2DNet\core">
      <UniqueIdentifier>{9ad2e470-a178-4564-854c-04f588cdc879}</UniqueIdentifier>
    </Filter>
    <Filter Include="헤더 파일\Direct2DNet\image">
      <UniqueIdentifier>{1a839983-6d19-41cc-94c8-f1eb5c2db57c}</UniqueIdentifier>
    </Filter>
    <Filter Include="소스 파일\Direct2DNet\image">
      <UniqueIdentifier>{0a3b9d6a-1f9b-4f98-9eba-bf5d45856bc6}</UniqueIdentifier>
    </Filter>
    <Filter Include="소스 파일\DWriteNet">
      <UniqueIdentifier>{e4dbe0e6-808e-42bd-b06d-bde91b5cb065}</UniqueIdentifier>
    </Filter>
    <Filter Include="헤더 파일\DWriteNet">
      <UniqueIdentifier>{db617762-1e29-4358-90ac-fa89f536f661}</UniqueIdentifier>
    </Filter>
    <Filter Include="헤더 파일\DWriteNet\core">
      <UniqueIdentifier>{2a857298-0fac-4fbd-a07c-840001cd490e}</UniqueIdentifier>
    </Filter>
    <Filter Include="소스 파일\DWriteNet\core">
      <UniqueIdentifier>{9c4fdde8-dca4-495d-a4af-9fb741246bf4}</UniqueIdentifier>
    </Filter>
    <Filter Include="소스 파일\DWriteNet\text">
      <UniqueIdentifier>{c399ba8c-6e4c-4bd4-849b-b1548d6c11e3}</UniqueIdentifier>
    </Filter>
    <Filter Include="헤더 파일\DWriteNet\text">
      <UniqueIdentifier>{cb5d6172-97e5-44b4-936a-b8c7e3790c4f}</UniqueIdentifier>
    </Filter>
    <Filter Include="헤더 파일\DWriteNet\font">
      <UniqueIdentifier>{894bf461-8533-4655-9a74-e58e024455c0}</UniqueIdentifier>
    </Filter>
    <Filter Include="소스 파일\DWriteNet\font">
      <UniqueIdentifier>{2e35be13-3ffb-4b8b-87c9-b812e746aaf7}</UniqueIdentifier>
    </Filter>
    <Filter Include="헤더 파일\Direct3D11Net">
      <UniqueIdentifier>{c91e35ea-a904-419b-b752-6854e6733e12}</UniqueIdentifier>
    </Filter>
    <Filter Include="헤더 파일\Direct3D11Net\core">
      <UniqueIdentifier>{0789bc58-1859-467d-b61f-7b9bbb568372}</UniqueIdentifier>
    </Filter>
    <Filter Include="소스 파일\Direc3D11Net">
      <UniqueIdentifier>{a495cbe5-15d5-4646-8003-ba73964117aa}</UniqueIdentifier>
    </Filter>
    <Filter Include="소스 파일\Direc3D11Net\core">
      <UniqueIdentifier>{f5204eeb-6d38-4d80-af29-123c49155317}</UniqueIdentifier>
    </Filter>
    <Filter Include="헤더 파일\DXGINet">
      <UniqueIdentifier>{55d807ab-4f50-4670-869d-b6dd28cbc703}</UniqueIdentifier>
    </Filter>
    <Filter Include="헤더 파일\DXGINet\core">
      <UniqueIdentifier>{749896e2-a0a6-45d1-95aa-7368626bbc48}</UniqueIdentifier>
    </Filter>
    <Filter Include="소스 파일\DXGINet">
      <UniqueIdentifier>{5ce4515e-36ba-4c97-8289-1932b3aded96}</UniqueIdentifier>
    </Filter>
    <Filter Include="소스 파일\DXGINet\core">
      <UniqueIdentifier>{cacbacf8-d224-4cc6-aa22-1087aa57f861}</UniqueIdentifier>
    </Filter>
    <Filter Include="헤더 파일\ComIO">
      <UniqueIdentifier>{33d2fd33-b044-4720-bf3d-5ef43ac65eba}</UniqueIdentifier>
    </Filter>
    <Filter Include="소스 파일\ComIO">
      <UniqueIdentifier>{9ecb7763-a26f-4108-b849-500010d9b33e}</UniqueIdentifier>
    </Filter>
  </ItemGroup>
  <ItemGroup>
    <ClInclude Include="Resource.h">
      <Filter>헤더 파일</Filter>
    </ClInclude>
    <ClInclude Include="Direct2DNet\Exception\DXException.h">
      <Filter>헤더 파일\Direct2DNet\Exception</Filter>
    </ClInclude>
    <ClInclude Include="Direct2DNet\ID2D1EllipseGeometry.h">
      <Filter>헤더 파일\Direct2DNet\geometry</Filter>
    </ClInclude>
    <ClInclude Include="Direct2DNet\ID2D1Geometry.h">
      <Filter>헤더 파일\Direct2DNet\geometry</Filter>
    </ClInclude>
    <ClInclude Include="Direct2DNet\ID2D1GeometryGroup.h">
      <Filter>헤더 파일\Direct2DNet\geometry</Filter>
    </ClInclude>
    <ClInclude Include="Direct2DNet\ID2D1NativeGeometryInfoContainer.h">
      <Filter>헤더 파일\Direct2DNet\geometry</Filter>
    </ClInclude>
    <ClInclude Include="Direct2DNet\ID2D1PathGeometry.h">
      <Filter>헤더 파일\Direct2DNet\geometry</Filter>
    </ClInclude>
    <ClInclude Include="Direct2DNet\ID2D1RectangleGeometry.h">
      <Filter>헤더 파일\Direct2DNet\geometry</Filter>
    </ClInclude>
    <ClInclude Include="Direct2DNet\ID2D1RoundedRectangleGeometry.h">
      <Filter>헤더 파일\Direct2DNet\geometry</Filter>
    </ClInclude>
    <ClInclude Include="Direct2DNet\ID2D1TransformedGeometry.h">
      <Filter>헤더 파일\Direct2DNet\geometry</Filter>
    </ClInclude>
    <ClInclude Include="Direct2DNet\ID2D1SolidColorBrush.h">
      <Filter>헤더 파일\Direct2DNet\brush</Filter>
    </ClInclude>
    <ClInclude Include="Direct2DNet\ID2D1Factory.h">
      <Filter>헤더 파일\Direct2DNet\core</Filter>
    </ClInclude>
    <ClInclude Include="Direct2DNet\ID2D1HwndRenderTarget.h">
      <Filter>헤더 파일\Direct2DNet\core</Filter>
    </ClInclude>
    <ClInclude Include="Direct2DNet\ID2D1RenderTarget.h">
      <Filter>헤더 파일\Direct2DNet\core</Filter>
    </ClInclude>
    <ClInclude Include="Direct2DNet\ID2D1Resource.h">
      <Filter>헤더 파일\Direct2DNet\core</Filter>
    </ClInclude>
    <ClInclude Include="Direct2DNet\IDirect2DObject.h">
      <Filter>헤더 파일\Direct2DNet\core</Filter>
    </ClInclude>
    <ClInclude Include="Direct2DNet\D2DMath.h">
      <Filter>헤더 파일\Direct2DNet\core</Filter>
    </ClInclude>
    <ClInclude Include="Direct2DNet\D2DNetHeaders.h">
      <Filter>헤더 파일\Direct2DNet\core</Filter>
    </ClInclude>
    <ClInclude Include="Direct2DNet\D2DSettings.h">
      <Filter>헤더 파일\Direct2DNet\core</Filter>
    </ClInclude>
    <ClInclude Include="Direct2DNet\ID2D1LinearGradientBrush.h">
      <Filter>헤더 파일\Direct2DNet\brush</Filter>
    </ClInclude>
    <ClInclude Include="Direct2DNet\ID2D1GradientStopCollection.h">
      <Filter>헤더 파일\Direct2DNet\brush</Filter>
    </ClInclude>
    <ClInclude Include="Direct2DNet\ID2D1RadialGradientBrush.h">
      <Filter>헤더 파일\Direct2DNet\brush</Filter>
    </ClInclude>
    <ClInclude Include="Direct2DNet\D2DError.h">
      <Filter>헤더 파일\Direct2DNet\core</Filter>
    </ClInclude>
    <ClInclude Include="Direct2DNet\D2DImageLoader.h">
      <Filter>헤더 파일\Direct2DNet\image</Filter>
    </ClInclude>
    <ClInclude Include="Direct2DNet\ID2D1Image.h">
      <Filter>헤더 파일\Direct2DNet\image</Filter>
    </ClInclude>
    <ClInclude Include="Direct2DNet\ID2D1Bitmap.h">
      <Filter>헤더 파일\Direct2DNet\image</Filter>
    </ClInclude>
    <ClInclude Include="Direct2DNet\ID2D1StrokeStyle.h">
      <Filter>헤더 파일\Direct2DNet\brush</Filter>
    </ClInclude>
    <ClInclude Include="Direct2DNet\ID2D1Mesh.h">
      <Filter>헤더 파일\Direct2DNet\geometry</Filter>
    </ClInclude>
    <ClInclude Include="Direct2DNet\D2DNet_brush.h">
      <Filter>헤더 파일\Direct2DNet\brush</Filter>
    </ClInclude>
    <ClInclude Include="GUIDs.h">
      <Filter>헤더 파일</Filter>
    </ClInclude>
    <ClInclude Include="Direct2DNet\D2DNet_core.h">
      <Filter>헤더 파일\Direct2DNet\core</Filter>
    </ClInclude>
    <ClInclude Include="Direct2DNet\D2DNet_geometry.h">
      <Filter>헤더 파일\Direct2DNet\geometry</Filter>
    </ClInclude>
    <ClInclude Include="Direct2DNet\D2DNet_image.h">
      <Filter>헤더 파일\Direct2DNet\image</Filter>
    </ClInclude>
    <ClInclude Include="DWriteNet\IDWriteFactory.h">
      <Filter>헤더 파일\DWriteNet\core</Filter>
    </ClInclude>
    <ClInclude Include="DWriteNet\DWNetHeaders.h">
      <Filter>헤더 파일\DWriteNet\core</Filter>
    </ClInclude>
    <ClInclude Include="DWriteNet\IDirectWriteObject.h">
      <Filter>헤더 파일\DWriteNet\core</Filter>
    </ClInclude>
    <ClInclude Include="DWriteNet\DWriteSettings.h">
      <Filter>헤더 파일\DWriteNet\core</Filter>
    </ClInclude>
    <ClInclude Include="DWriteNet\IDWriteTextFormat.h">
      <Filter>헤더 파일\DWriteNet\text</Filter>
    </ClInclude>
    <ClInclude Include="DWriteNet\DWNet_core.h">
      <Filter>헤더 파일\DWriteNet\core</Filter>
    </ClInclude>
    <ClInclude Include="DWriteNet\DWNet_text.h">
      <Filter>헤더 파일\DWriteNet\text</Filter>
    </ClInclude>
    <ClInclude Include="Direct2DNet\ID2D1BitmapBrush.h">
      <Filter>헤더 파일\Direct2DNet\brush</Filter>
    </ClInclude>
    <ClInclude Include="Direct2DNet\ID2D1Layer.h">
      <Filter>헤더 파일\Direct2DNet\core</Filter>
    </ClInclude>
    <ClInclude Include="Direct2DNet\ID2D1DCRenderTarget.h">
      <Filter>헤더 파일\Direct2DNet\core</Filter>
    </ClInclude>
    <ClInclude Include="DWriteNet\IDWriteRenderingParams.h">
      <Filter>헤더 파일\DWriteNet\core</Filter>
    </ClInclude>
    <ClInclude Include="Direct2DNet\ID2D1DrawingStateBlock.h">
      <Filter>헤더 파일\Direct2DNet\core</Filter>
    </ClInclude>
    <ClInclude Include="Direct2DNet\ID2D1BitmapRenderTarget.h">
      <Filter>헤더 파일\Direct2DNet\core</Filter>
    </ClInclude>
    <ClInclude Include="Direct2DNet\ID2D1Factory1.h">
      <Filter>헤더 파일\Direct2DNet\core</Filter>
    </ClInclude>
    <ClInclude Include="Direct2DNet\Direct2D.h">
      <Filter>헤더 파일\Direct2DNet\core</Filter>
    </ClInclude>
    <ClInclude Include="Direct2DNet\ID2D1StrokeStyle1.h">
      <Filter>헤더 파일\Direct2DNet\brush</Filter>
    </ClInclude>
    <ClInclude Include="Direct2DNet\ID2D1PathGeometry1.h">
      <Filter>헤더 파일\Direct2DNet\geometry</Filter>
    </ClInclude>
    <ClInclude Include="Direct3D11Net\D3D11NetHeaders.h">
      <Filter>헤더 파일\Direct3D11Net\core</Filter>
    </ClInclude>
    <ClInclude Include="Direct3D11Net\D3D11Settings.h">
      <Filter>헤더 파일\Direct3D11Net\core</Filter>
    </ClInclude>
    <ClInclude Include="Direct3D11Net\ID3D11Device.h">
      <Filter>헤더 파일\Direct3D11Net\core</Filter>
    </ClInclude>
    <ClInclude Include="Direct3D11Net\IDirect3D11Object.h">
      <Filter>헤더 파일\Direct3D11Net\core</Filter>
    </ClInclude>
    <ClInclude Include="Direct3D11Net\ID3D11DeviceChild.h">
      <Filter>헤더 파일\Direct3D11Net\core</Filter>
    </ClInclude>
    <ClInclude Include="Direct3D11Net\ID3D11DeviceContext.h">
      <Filter>헤더 파일\Direct3D11Net\core</Filter>
    </ClInclude>
    <ClInclude Include="DXCommonSettings.h">
      <Filter>헤더 파일</Filter>
    </ClInclude>
    <ClInclude Include="DXGINet\DXGINetHeaders.h">
      <Filter>헤더 파일\DXGINet\core</Filter>
    </ClInclude>
    <ClInclude Include="DXGINet\IDXGIObject.h">
      <Filter>헤더 파일\DXGINet\core</Filter>
    </ClInclude>
    <ClInclude Include="DXGINet\IDXGIDevice.h">
      <Filter>헤더 파일\DXGINet\core</Filter>
    </ClInclude>
    <ClInclude Include="Direct2DNet\ID2D1Device.h">
      <Filter>헤더 파일\Direct2DNet\core</Filter>
    </ClInclude>
    <ClInclude Include="Direct3D11Net\D3D11Net_core.h">
      <Filter>헤더 파일\Direct3D11Net\core</Filter>
    </ClInclude>
    <ClInclude Include="DXGINet\DXGINet_core.h">
      <Filter>헤더 파일\DXGINet\core</Filter>
    </ClInclude>
    <ClInclude Include="Direct2DNet\ID2D1DeviceContext.h">
      <Filter>헤더 파일\Direct2DNet\core</Filter>
    </ClInclude>
    <ClInclude Include="DXGINet\DXGISettings.h">
      <Filter>헤더 파일\DXGINet\core</Filter>
    </ClInclude>
    <ClInclude Include="DXGINet\IDXGIAdapter.h">
      <Filter>헤더 파일\DXGINet\core</Filter>
    </ClInclude>
    <ClInclude Include="DXGINet\IDXGIFactory.h">
      <Filter>헤더 파일\DXGINet\core</Filter>
    </ClInclude>
    <ClInclude Include="DXGINet\IDXGISwapChain.h">
      <Filter>헤더 파일\DXGINet\core</Filter>
    </ClInclude>
    <ClInclude Include="IUnknown.h">
      <Filter>헤더 파일</Filter>
    </ClInclude>
    <ClInclude Include="DXGINet\IDXGIDeviceSubObject.h">
      <Filter>헤더 파일\DXGINet\core</Filter>
    </ClInclude>
    <ClInclude Include="DXGINet\IDXGISurface.h">
      <Filter>헤더 파일\DXGINet\core</Filter>
    </ClInclude>
    <ClInclude Include="Direct2DNet\ID2D1ColorContext.h">
      <Filter>헤더 파일\Direct2DNet\image</Filter>
    </ClInclude>
    <ClInclude Include="Direct2DNet\ID2D1Bitmap1.h">
      <Filter>헤더 파일\Direct2DNet\image</Filter>
    </ClInclude>
    <ClInclude Include="Direct2DNet\ID2D1GradientStopCollection1.h">
      <Filter>헤더 파일\Direct2DNet\brush</Filter>
    </ClInclude>
    <ClInclude Include="Direct2DNet\ID2D1Properties.h">
      <Filter>헤더 파일\Direct2DNet\image</Filter>
    </ClInclude>
    <ClInclude Include="Direct2DNet\D2DBuiltinEffects.h">
      <Filter>헤더 파일\Direct2DNet\image</Filter>
    </ClInclude>
    <ClInclude Include="Direct2DNet\ID2D1Effect.h">
      <Filter>헤더 파일\Direct2DNet\image</Filter>
    </ClInclude>
    <ClInclude Include="Direct2DNet\ID2D1ImageBrush.h">
      <Filter>헤더 파일\Direct2DNet\brush</Filter>
    </ClInclude>
    <ClInclude Include="Direct2DNet\ID2D1Brush.h">
      <Filter>헤더 파일\Direct2DNet\brush</Filter>
    </ClInclude>
    <ClInclude Include="Direct2DNet\ID2D1BitmapBrush1.h">
      <Filter>헤더 파일\Direct2DNet\brush</Filter>
    </ClInclude>
    <ClInclude Include="Direct2DNet\ID2D1CommandSink.h">
      <Filter>헤더 파일\Direct2DNet\core</Filter>
    </ClInclude>
    <ClInclude Include="Direct2DNet\ID2D1CommandList.h">
      <Filter>헤더 파일\Direct2DNet\core</Filter>
    </ClInclude>
    <ClInclude Include="Direct2DNet\ID2D1DrawingStateBlock1.h">
      <Filter>헤더 파일\Direct2DNet\core</Filter>
    </ClInclude>
    <ClInclude Include="Direct2DNet\ID2D1Multithread.h">
      <Filter>헤더 파일\Direct2DNet\core</Filter>
    </ClInclude>
    <ClInclude Include="DXGINet\DXGIError.h">
      <Filter>헤더 파일\DXGINet\core</Filter>
    </ClInclude>
    <ClInclude Include="Direct2DNet\ID2D1Factory2.h">
      <Filter>헤더 파일\Direct2DNet\core</Filter>
    </ClInclude>
    <ClInclude Include="Direct2DNet\ID2D1Device1.h">
      <Filter>헤더 파일\Direct2DNet\core</Filter>
    </ClInclude>
    <ClInclude Include="Direct2DNet\ID2D1DeviceContext1.h">
      <Filter>헤더 파일\Direct2DNet\core</Filter>
    </ClInclude>
    <ClInclude Include="Direct2DNet\ID2D1GeometryRealization.h">
      <Filter>헤더 파일\Direct2DNet\geometry</Filter>
    </ClInclude>
    <ClInclude Include="ComIO\Stream.h">
      <Filter>헤더 파일\ComIO</Filter>
    </ClInclude>
    <ClInclude Include="ComIO\ComIOHeaders.h">
      <Filter>헤더 파일\ComIO</Filter>
    </ClInclude>
    <ClInclude Include="ComIO\ComIOSettings.h">
      <Filter>헤더 파일\ComIO</Filter>
    </ClInclude>
    <ClInclude Include="Direct2DNet\ID2D1GdiMetafile.h">
      <Filter>헤더 파일\Direct2DNet\image</Filter>
    </ClInclude>
    <ClInclude Include="Direct2DNet\ID2D1GdiMetafileSink.h">
      <Filter>헤더 파일\Direct2DNet\image</Filter>
    </ClInclude>
    <ClInclude Include="Direct2DNet\ID2D1GdiInteropRenderTarget.h">
      <Filter>헤더 파일\Direct2DNet\core</Filter>
    </ClInclude>
    <ClInclude Include="Direct2DNet\ID2D1CommandSink1.h">
      <Filter>헤더 파일\Direct2DNet\core</Filter>
    </ClInclude>
    <ClInclude Include="DWriteNet\IDWriteFontCollection.h">
      <Filter>헤더 파일\DWriteNet\font</Filter>
    </ClInclude>
    <ClInclude Include="DWriteNet\DWNet_font.h">
      <Filter>헤더 파일\DWriteNet\font</Filter>
    </ClInclude>
    <ClInclude Include="DWriteNet\IDWriteFontFamily.h">
      <Filter>헤더 파일\DWriteNet\font</Filter>
    </ClInclude>
    <ClInclude Include="DWriteNet\IDWriteFontList.h">
      <Filter>헤더 파일\DWriteNet\font</Filter>
    </ClInclude>
    <ClInclude Include="DWriteNet\IDWriteLocalizedStrings.h">
      <Filter>헤더 파일\DWriteNet\core</Filter>
    </ClInclude>
    <ClInclude Include="DWriteNet\IDWriteFont.h">
      <Filter>헤더 파일\DWriteNet\font</Filter>
    </ClInclude>
    <ClInclude Include="DWriteNet\IDWriteFontFile.h">
      <Filter>헤더 파일\DWriteNet\font</Filter>
    </ClInclude>
    <ClInclude Include="DWriteNet\DirectWrite.h">
      <Filter>헤더 파일\DWriteNet\core</Filter>
    </ClInclude>
    <ClInclude Include="DWriteNet\IDWriteFontFace.h">
      <Filter>헤더 파일\DWriteNet\font</Filter>
    </ClInclude>
  </ItemGroup>
  <ItemGroup>
    <ClCompile Include="AssemblyInfo.cpp">
      <Filter>소스 파일</Filter>
    </ClCompile>
    <ClCompile Include="Direct2DNet\Exception\DXException.cpp">
      <Filter>소스 파일\Direct2DNet\Exception</Filter>
    </ClCompile>
    <ClCompile Include="Direct2DNet\ID2D1EllipseGeometry.cpp">
      <Filter>소스 파일\Direct2DNet\geometry</Filter>
    </ClCompile>
    <ClCompile Include="Direct2DNet\ID2D1Geometry.cpp">
      <Filter>소스 파일\Direct2DNet\geometry</Filter>
    </ClCompile>
    <ClCompile Include="Direct2DNet\ID2D1GeometryGroup.cpp">
      <Filter>소스 파일\Direct2DNet\geometry</Filter>
    </ClCompile>
    <ClCompile Include="Direct2DNet\ID2D1PathGeometry.cpp">
      <Filter>소스 파일\Direct2DNet\geometry</Filter>
    </ClCompile>
    <ClCompile Include="Direct2DNet\ID2D1RectangleGeometry.cpp">
      <Filter>소스 파일\Direct2DNet\geometry</Filter>
    </ClCompile>
    <ClCompile Include="Direct2DNet\ID2D1RoundedRectangleGeometry.cpp">
      <Filter>소스 파일\Direct2DNet\geometry</Filter>
    </ClCompile>
    <ClCompile Include="Direct2DNet\ID2D1TransformedGeometry.cpp">
      <Filter>소스 파일\Direct2DNet\geometry</Filter>
    </ClCompile>
    <ClCompile Include="Direct2DNet\ID2D1SolidColorBrush.cpp">
      <Filter>소스 파일\Direct2DNet\brush</Filter>
    </ClCompile>
    <ClCompile Include="Direct2DNet\ID2D1Factory.cpp">
      <Filter>소스 파일\Direct2DNet\core</Filter>
    </ClCompile>
    <ClCompile Include="Direct2DNet\ID2D1HwndRenderTarget.cpp">
      <Filter>소스 파일\Direct2DNet\core</Filter>
    </ClCompile>
    <ClCompile Include="Direct2DNet\ID2D1RenderTarget.cpp">
      <Filter>소스 파일\Direct2DNet\core</Filter>
    </ClCompile>
    <ClCompile Include="Direct2DNet\ID2D1Resource.cpp">
      <Filter>소스 파일\Direct2DNet\core</Filter>
    </ClCompile>
    <ClCompile Include="Direct2DNet\ID2D1GradientStopCollection.cpp">
      <Filter>소스 파일\Direct2DNet\brush</Filter>
    </ClCompile>
    <ClCompile Include="Direct2DNet\ID2D1LinearGradientBrush.cpp">
      <Filter>소스 파일\Direct2DNet\brush</Filter>
    </ClCompile>
    <ClCompile Include="Direct2DNet\ID2D1RadialGradientBrush.cpp">
      <Filter>소스 파일\Direct2DNet\brush</Filter>
    </ClCompile>
    <ClCompile Include="Direct2DNet\D2DError.cpp">
      <Filter>소스 파일\Direct2DNet\core</Filter>
    </ClCompile>
    <ClCompile Include="Direct2DNet\D2DImageLoader.cpp">
      <Filter>소스 파일\Direct2DNet\image</Filter>
    </ClCompile>
    <ClCompile Include="Direct2DNet\ID2D1StrokeStyle.cpp">
      <Filter>소스 파일\Direct2DNet\brush</Filter>
    </ClCompile>
    <ClCompile Include="Direct2DNet\ID2D1Mesh.cpp">
      <Filter>소스 파일\Direct2DNet\geometry</Filter>
    </ClCompile>
    <ClCompile Include="Direct2DNet\ID2D1Bitmap.cpp">
      <Filter>소스 파일\Direct2DNet\image</Filter>
    </ClCompile>
    <ClCompile Include="GUIDs.cpp">
      <Filter>소스 파일</Filter>
    </ClCompile>
    <ClCompile Include="DWriteNet\IDWriteFactory.cpp">
      <Filter>소스 파일\DWriteNet\core</Filter>
    </ClCompile>
    <ClCompile Include="DWriteNet\IDWriteTextFormat.cpp">
      <Filter>소스 파일\DWriteNet\text</Filter>
    </ClCompile>
    <ClCompile Include="Direct2DNet\ID2D1BitmapBrush.cpp">
      <Filter>소스 파일\Direct2DNet\brush</Filter>
    </ClCompile>
    <ClCompile Include="Direct2DNet\ID2D1Layer.cpp">
      <Filter>소스 파일\Direct2DNet\core</Filter>
    </ClCompile>
    <ClCompile Include="Direct2DNet\D2DSettings.cpp">
      <Filter>소스 파일\Direct2DNet\core</Filter>
    </ClCompile>
    <ClCompile Include="Direct2DNet\ID2D1DCRenderTarget.cpp">
      <Filter>소스 파일\Direct2DNet\core</Filter>
    </ClCompile>
    <ClCompile Include="DWriteNet\IDWriteRenderingParams.cpp">
      <Filter>소스 파일\DWriteNet\core</Filter>
    </ClCompile>
    <ClCompile Include="Direct2DNet\ID2D1DrawingStateBlock.cpp">
      <Filter>소스 파일\Direct2DNet\core</Filter>
    </ClCompile>
    <ClCompile Include="Direct2DNet\ID2D1BitmapRenderTarget.cpp">
      <Filter>소스 파일\Direct2DNet\core</Filter>
    </ClCompile>
    <ClCompile Include="Direct2DNet\Direct2D.cpp">
      <Filter>소스 파일\Direct2DNet\core</Filter>
    </ClCompile>
    <ClCompile Include="Direct2DNet\ID2D1Factory1.cpp">
      <Filter>소스 파일\Direct2DNet\core</Filter>
    </ClCompile>
    <ClCompile Include="Direct2DNet\ID2D1StrokeStyle1.cpp">
      <Filter>소스 파일\Direct2DNet\brush</Filter>
    </ClCompile>
    <ClCompile Include="Direct2DNet\ID2D1PathGeometry1.cpp">
      <Filter>소스 파일\Direct2DNet\geometry</Filter>
    </ClCompile>
    <ClCompile Include="Direct3D11Net\ID3D11Device.cpp">
      <Filter>소스 파일\Direc3D11Net\core</Filter>
    </ClCompile>
    <ClCompile Include="Direct3D11Net\ID3D11DeviceChild.cpp">
      <Filter>소스 파일\Direc3D11Net\core</Filter>
    </ClCompile>
    <ClCompile Include="Direct3D11Net\ID3D11DeviceContext.cpp">
      <Filter>소스 파일\Direc3D11Net\core</Filter>
    </ClCompile>
    <ClCompile Include="DXGINet\IDXGIDevice.cpp">
      <Filter>소스 파일\DXGINet\core</Filter>
    </ClCompile>
    <ClCompile Include="Direct2DNet\ID2D1Device.cpp">
      <Filter>소스 파일\Direct2DNet\core</Filter>
    </ClCompile>
    <ClCompile Include="Direct2DNet\ID2D1DeviceContext.cpp">
      <Filter>소스 파일\Direct2DNet\core</Filter>
    </ClCompile>
    <ClCompile Include="DXGINet\IDXGIAdapter.cpp">
      <Filter>소스 파일\DXGINet\core</Filter>
    </ClCompile>
    <ClCompile Include="DXGINet\IDXGIFactory.cpp">
      <Filter>소스 파일\DXGINet\core</Filter>
    </ClCompile>
    <ClCompile Include="DXGINet\IDXGIDeviceSubObject.cpp">
      <Filter>소스 파일\DXGINet\core</Filter>
    </ClCompile>
    <ClCompile Include="DXGINet\IDXGISwapChain.cpp">
      <Filter>소스 파일\DXGINet\core</Filter>
    </ClCompile>
    <ClCompile Include="DXGINet\IDXGISurface.cpp">
      <Filter>소스 파일\DXGINet\core</Filter>
    </ClCompile>
    <ClCompile Include="Direct2DNet\ID2D1ColorContext.cpp">
      <Filter>소스 파일\Direct2DNet\image</Filter>
    </ClCompile>
    <ClCompile Include="Direct2DNet\ID2D1Bitmap1.cpp">
      <Filter>소스 파일\Direct2DNet\image</Filter>
    </ClCompile>
    <ClCompile Include="Direct2DNet\ID2D1GradientStopCollection1.cpp">
      <Filter>소스 파일\Direct2DNet\brush</Filter>
    </ClCompile>
    <ClCompile Include="Direct2DNet\ID2D1Properties.cpp">
      <Filter>소스 파일\Direct2DNet\image</Filter>
    </ClCompile>
    <ClCompile Include="Direct2DNet\ID2D1Effect.cpp">
      <Filter>소스 파일\Direct2DNet\image</Filter>
    </ClCompile>
    <ClCompile Include="Direct2DNet\ID2D1Image.cpp">
      <Filter>소스 파일\Direct2DNet\image</Filter>
    </ClCompile>
    <ClCompile Include="Direct2DNet\ID2D1ImageBrush.cpp">
      <Filter>소스 파일\Direct2DNet\brush</Filter>
    </ClCompile>
    <ClCompile Include="Direct2DNet\ID2D1CommandList.cpp">
      <Filter>소스 파일\Direct2DNet\core</Filter>
    </ClCompile>
    <ClCompile Include="Direct2DNet\ID2D1BitmapBrush1.cpp">
      <Filter>소스 파일\Direct2DNet\brush</Filter>
    </ClCompile>
    <ClCompile Include="Direct2DNet\ID2D1DrawingStateBlock1.cpp">
      <Filter>소스 파일\Direct2DNet\core</Filter>
    </ClCompile>
    <ClCompile Include="Direct2DNet\ID2D1Multithread.cpp">
      <Filter>소스 파일\Direct2DNet\core</Filter>
    </ClCompile>
    <ClCompile Include="Direct2DNet\ID2D1CommandSink.cpp">
      <Filter>소스 파일\Direct2DNet\core</Filter>
    </ClCompile>
    <ClCompile Include="Direct2DNet\ID2D1Brush.cpp">
      <Filter>소스 파일\Direct2DNet\brush</Filter>
    </ClCompile>
    <ClCompile Include="DXCommonSettings.cpp">
      <Filter>소스 파일</Filter>
    </ClCompile>
    <ClCompile Include="DXGINet\DXGIError.cpp">
      <Filter>소스 파일\DXGINet\core</Filter>
    </ClCompile>
    <ClCompile Include="Direct2DNet\ID2D1Factory2.cpp">
      <Filter>소스 파일\Direct2DNet\core</Filter>
    </ClCompile>
    <ClCompile Include="Direct2DNet\ID2D1Device1.cpp">
      <Filter>소스 파일\Direct2DNet\core</Filter>
    </ClCompile>
    <ClCompile Include="Direct2DNet\ID2D1DeviceContext1.cpp">
      <Filter>소스 파일\Direct2DNet\core</Filter>
    </ClCompile>
    <ClCompile Include="Direct2DNet\ID2D1GeometryRealization.cpp">
      <Filter>소스 파일\Direct2DNet\geometry</Filter>
    </ClCompile>
    <ClCompile Include="ComIO\Stream.cpp">
      <Filter>소스 파일\ComIO</Filter>
    </ClCompile>
    <ClCompile Include="Direct2DNet\ID2D1GdiMetafile.cpp">
      <Filter>소스 파일\Direct2DNet\image</Filter>
    </ClCompile>
    <ClCompile Include="Direct2DNet\ID2D1GdiMetafileSink.cpp">
      <Filter>소스 파일\Direct2DNet\image</Filter>
    </ClCompile>
    <ClCompile Include="Direct2DNet\ID2D1GdiInteropRenderTarget.cpp">
      <Filter>소스 파일\Direct2DNet\core</Filter>
    </ClCompile>
    <ClCompile Include="Direct2DNet\ID2D1CommandSink1.cpp">
      <Filter>소스 파일\Direct2DNet\core</Filter>
    </ClCompile>
    <ClCompile Include="DWriteNet\IDWriteFontCollection.cpp">
      <Filter>소스 파일\DWriteNet\font</Filter>
    </ClCompile>
    <ClCompile Include="DWriteNet\IDWriteFontList.cpp">
      <Filter>소스 파일\DWriteNet\font</Filter>
    </ClCompile>
    <ClCompile Include="DWriteNet\IDWriteFontFamily.cpp">
      <Filter>소스 파일\DWriteNet\font</Filter>
    </ClCompile>
    <ClCompile Include="DWriteNet\IDWriteLocalizedStrings.cpp">
      <Filter>소스 파일\DWriteNet\core</Filter>
    </ClCompile>
    <ClCompile Include="DWriteNet\IDWriteFont.cpp">
      <Filter>소스 파일\DWriteNet\font</Filter>
    </ClCompile>
    <ClCompile Include="DWriteNet\IDWriteFontFile.cpp">
      <Filter>소스 파일\DWriteNet\font</Filter>
    </ClCompile>
    <ClCompile Include="DWriteNet\DirectWrite.cpp">
      <Filter>소스 파일\DWriteNet\core</Filter>
    </ClCompile>
    <ClCompile Include="DWriteNet\IDWriteFontFace.cpp">
      <Filter>소스 파일\DWriteNet\font</Filter>
    </ClCompile>
  </ItemGroup>
  <ItemGroup>
    <ResourceCompile Include="app.rc">
      <Filter>리소스 파일</Filter>
    </ResourceCompile>
  </ItemGroup>
  <ItemGroup>
    <Image Include="app.ico">
      <Filter>리소스 파일</Filter>
    </Image>
  </ItemGroup>
  <ItemGroup>
    <Text Include="..\LICENSE" />
  </ItemGroup>
</Project>